{
  "name": "pixisys",
  "lockfileVersion": 3,
  "requires": true,
  "packages": {
    "": {
      "dependencies": {
        "html5-qrcode": "^2.3.8"
      },
      "devDependencies": {
        "baseline-browser-mapping": "^2.9.15"
      }
    },
    "node_modules/baseline-browser-mapping": {
      "version": "2.9.15",
      "resolved": "https://registry.npmjs.org/baseline-browser-mapping/-/baseline-browser-mapping-2.9.15.tgz",
      "integrity": "sha512-kX8h7K2srmDyYnXRIppo4AH/wYgzWVCs+eKr3RusRSQ5PvRYoEFmR/I0PbdTjKFAoKqp5+kbxnNTFO9jOfSVJg==",
      "dev": true,
      "license": "Apache-2.0",
      "bin": {
        "baseline-browser-mapping": "dist/cli.js"
      }
    },
    "node_modules/html5-qrcode": {
      "version": "2.3.8",
      "resolved": "https://registry.npmjs.org/html5-qrcode/-/html5-qrcode-2.3.8.tgz",
      "integrity": "sha512-jsr4vafJhwoLVEDW3n1KvPnCCXWaQfRng0/EEYk1vNcQGcG/htAdhJX0be8YyqMoSz7+hZvOZSTAepsabiuhiQ==",
      "license": "Apache-2.0"
    }
  }
}
